// !$*UTF8*$!
{
	archiveVersion = 1;
	classes = {
	};
	objectVersion = 50;
	objects = {

/* Begin PBXBuildFile section */
		371B9BB521DA982800621D83 /* AppDelegate.swift in Sources */ = {isa = PBXBuildFile; fileRef = 371B9BB421DA982800621D83 /* AppDelegate.swift */; };
		371B9BB921DA982800621D83 /* DetailViewController.swift in Sources */ = {isa = PBXBuildFile; fileRef = 371B9BB821DA982800621D83 /* DetailViewController.swift */; };
		371B9BBE21DA982B00621D83 /* Assets.xcassets in Resources */ = {isa = PBXBuildFile; fileRef = 371B9BBD21DA982B00621D83 /* Assets.xcassets */; };
		371B9BC121DA982B00621D83 /* LaunchScreen.storyboard in Resources */ = {isa = PBXBuildFile; fileRef = 371B9BBF21DA982B00621D83 /* LaunchScreen.storyboard */; };
		371B9BCC21DA982B00621D83 /* TopAlbumsTests.swift in Sources */ = {isa = PBXBuildFile; fileRef = 371B9BCB21DA982B00621D83 /* TopAlbumsTests.swift */; };
		371B9BD721DA982B00621D83 /* TopAlbumsUITests.swift in Sources */ = {isa = PBXBuildFile; fileRef = 371B9BD621DA982B00621D83 /* TopAlbumsUITests.swift */; };
		371B9BE621DA9E2200621D83 /* Album.swift in Sources */ = {isa = PBXBuildFile; fileRef = 371B9BE521DA9E2200621D83 /* Album.swift */; };
		371B9BEB21DBF28500621D83 /* AlbumService.swift in Sources */ = {isa = PBXBuildFile; fileRef = 371B9BEA21DBF28400621D83 /* AlbumService.swift */; };
		371DB11721DC0B8900CD756A /* MasterViewController.swift in Sources */ = {isa = PBXBuildFile; fileRef = 371B9BB621DA982800621D83 /* MasterViewController.swift */; };
		371DB11821DC0B9200CD756A /* AlbumListViewModel.swift in Sources */ = {isa = PBXBuildFile; fileRef = 371B9BE821DAA09C00621D83 /* AlbumListViewModel.swift */; };
		371DB11A21DC116D00CD756A /* AlbumViewModel.swift in Sources */ = {isa = PBXBuildFile; fileRef = 371DB11921DC116D00CD756A /* AlbumViewModel.swift */; };
/* End PBXBuildFile section */

/* Begin PBXContainerItemProxy section */
		371B9BC821DA982B00621D83 /* PBXContainerItemProxy */ = {
			isa = PBXContainerItemProxy;
			containerPortal = 371B9BA921DA982800621D83 /* Project object */;
			proxyType = 1;
			remoteGlobalIDString = 371B9BB021DA982800621D83;
			remoteInfo = TopAlbums;
		};
		371B9BD321DA982B00621D83 /* PBXContainerItemProxy */ = {
			isa = PBXContainerItemProxy;
			containerPortal = 371B9BA921DA982800621D83 /* Project object */;
			proxyType = 1;
			remoteGlobalIDString = 371B9BB021DA982800621D83;
			remoteInfo = TopAlbums;
		};
/* End PBXContainerItemProxy section */

/* Begin PBXFileReference section */
		371B9BB121DA982800621D83 /* TopAlbums.app */ = {isa = PBXFileReference; explicitFileType = wrapper.application; includeInIndex = 0; path = TopAlbums.app; sourceTree = BUILT_PRODUCTS_DIR; };
		371B9BB421DA982800621D83 /* AppDelegate.swift */ = {isa = PBXFileReference; lastKnownFileType = sourcecode.swift; path = AppDelegate.swift; sourceTree = "<group>"; };
		371B9BB621DA982800621D83 /* MasterViewController.swift */ = {isa = PBXFileReference; lastKnownFileType = sourcecode.swift; path = MasterViewController.swift; sourceTree = "<group>"; };
		371B9BB821DA982800621D83 /* DetailViewController.swift */ = {isa = PBXFileReference; lastKnownFileType = sourcecode.swift; path = DetailViewController.swift; sourceTree = "<group>"; };
		371B9BBD21DA982B00621D83 /* Assets.xcassets */ = {isa = PBXFileReference; lastKnownFileType = folder.assetcatalog; path = Assets.xcassets; sourceTree = "<group>"; };
		371B9BC021DA982B00621D83 /* Base */ = {isa = PBXFileReference; lastKnownFileType = file.storyboard; name = Base; path = Base.lproj/LaunchScreen.storyboard; sourceTree = "<group>"; };
		371B9BC221DA982B00621D83 /* Info.plist */ = {isa = PBXFileReference; lastKnownFileType = text.plist.xml; path = Info.plist; sourceTree = "<group>"; };
		371B9BC721DA982B00621D83 /* TopAlbumsTests.xctest */ = {isa = PBXFileReference; explicitFileType = wrapper.cfbundle; includeInIndex = 0; path = TopAlbumsTests.xctest; sourceTree = BUILT_PRODUCTS_DIR; };
		371B9BCB21DA982B00621D83 /* TopAlbumsTests.swift */ = {isa = PBXFileReference; lastKnownFileType = sourcecode.swift; path = TopAlbumsTests.swift; sourceTree = "<group>"; };
		371B9BCD21DA982B00621D83 /* Info.plist */ = {isa = PBXFileReference; lastKnownFileType = text.plist.xml; path = Info.plist; sourceTree = "<group>"; };
		371B9BD221DA982B00621D83 /* TopAlbumsUITests.xctest */ = {isa = PBXFileReference; explicitFileType = wrapper.cfbundle; includeInIndex = 0; path = TopAlbumsUITests.xctest; sourceTree = BUILT_PRODUCTS_DIR; };
		371B9BD621DA982B00621D83 /* TopAlbumsUITests.swift */ = {isa = PBXFileReference; lastKnownFileType = sourcecode.swift; path = TopAlbumsUITests.swift; sourceTree = "<group>"; };
		371B9BD821DA982B00621D83 /* Info.plist */ = {isa = PBXFileReference; lastKnownFileType = text.plist.xml; path = Info.plist; sourceTree = "<group>"; };
		371B9BE521DA9E2200621D83 /* Album.swift */ = {isa = PBXFileReference; lastKnownFileType = sourcecode.swift; path = Album.swift; sourceTree = "<group>"; };
		371B9BE821DAA09C00621D83 /* AlbumListViewModel.swift */ = {isa = PBXFileReference; lastKnownFileType = sourcecode.swift; path = AlbumListViewModel.swift; sourceTree = "<group>"; };
		371B9BEA21DBF28400621D83 /* AlbumService.swift */ = {isa = PBXFileReference; lastKnownFileType = sourcecode.swift; path = AlbumService.swift; sourceTree = "<group>"; };
		371DB11921DC116D00CD756A /* AlbumViewModel.swift */ = {isa = PBXFileReference; lastKnownFileType = sourcecode.swift; path = AlbumViewModel.swift; sourceTree = "<group>"; };
/* End PBXFileReference section */

/* Begin PBXFrameworksBuildPhase section */
		371B9BAE21DA982800621D83 /* Frameworks */ = {
			isa = PBXFrameworksBuildPhase;
			buildActionMask = 2147483647;
			files = (
			);
			runOnlyForDeploymentPostprocessing = 0;
		};
		371B9BC421DA982B00621D83 /* Frameworks */ = {
			isa = PBXFrameworksBuildPhase;
			buildActionMask = 2147483647;
			files = (
			);
			runOnlyForDeploymentPostprocessing = 0;
		};
		371B9BCF21DA982B00621D83 /* Frameworks */ = {
			isa = PBXFrameworksBuildPhase;
			buildActionMask = 2147483647;
			files = (
			);
			runOnlyForDeploymentPostprocessing = 0;
		};
/* End PBXFrameworksBuildPhase section */

/* Begin PBXGroup section */
		371B9BA821DA982800621D83 = {
			isa = PBXGroup;
			children = (
				371B9BB321DA982800621D83 /* TopAlbums */,
				371B9BCA21DA982B00621D83 /* TopAlbumsTests */,
				371B9BD521DA982B00621D83 /* TopAlbumsUITests */,
				371B9BB221DA982800621D83 /* Products */,
			);
			sourceTree = "<group>";
		};
		371B9BB221DA982800621D83 /* Products */ = {
			isa = PBXGroup;
			children = (
				371B9BB121DA982800621D83 /* TopAlbums.app */,
				371B9BC721DA982B00621D83 /* TopAlbumsTests.xctest */,
				371B9BD221DA982B00621D83 /* TopAlbumsUITests.xctest */,
			);
			name = Products;
			sourceTree = "<group>";
		};
		371B9BB321DA982800621D83 /* TopAlbums */ = {
			isa = PBXGroup;
			children = (
				371B9BEC21DC005100621D83 /* View */,
				371B9BE721DAA01100621D83 /* ViewModel */,
				371B9BE421DA9E1400621D83 /* Model */,
				371B9BB421DA982800621D83 /* AppDelegate.swift */,
				371B9BBD21DA982B00621D83 /* Assets.xcassets */,
				371B9BBF21DA982B00621D83 /* LaunchScreen.storyboard */,
				371B9BC221DA982B00621D83 /* Info.plist */,
			);
			path = TopAlbums;
			sourceTree = "<group>";
		};
		371B9BCA21DA982B00621D83 /* TopAlbumsTests */ = {
			isa = PBXGroup;
			children = (
				371B9BCB21DA982B00621D83 /* TopAlbumsTests.swift */,
				371B9BCD21DA982B00621D83 /* Info.plist */,
			);
			path = TopAlbumsTests;
			sourceTree = "<group>";
		};
		371B9BD521DA982B00621D83 /* TopAlbumsUITests */ = {
			isa = PBXGroup;
			children = (
				371B9BD621DA982B00621D83 /* TopAlbumsUITests.swift */,
				371B9BD821DA982B00621D83 /* Info.plist */,
			);
			path = TopAlbumsUITests;
			sourceTree = "<group>";
		};
		371B9BE421DA9E1400621D83 /* Model */ = {
			isa = PBXGroup;
			children = (
				371B9BE521DA9E2200621D83 /* Album.swift */,
				371B9BEA21DBF28400621D83 /* AlbumService.swift */,
			);
			path = Model;
			sourceTree = "<group>";
		};
		371B9BE721DAA01100621D83 /* ViewModel */ = {
			isa = PBXGroup;
			children = (
				371B9BE821DAA09C00621D83 /* AlbumListViewModel.swift */,
				371DB11921DC116D00CD756A /* AlbumViewModel.swift */,
			);
			path = ViewModel;
			sourceTree = "<group>";
		};
		371B9BEC21DC005100621D83 /* View */ = {
			isa = PBXGroup;
			children = (
				371B9BB621DA982800621D83 /* MasterViewController.swift */,
				371B9BB821DA982800621D83 /* DetailViewController.swift */,
			);
			path = View;
			sourceTree = "<group>";
		};
/* End PBXGroup section */

/* Begin PBXNativeTarget section */
		371B9BB021DA982800621D83 /* TopAlbums */ = {
			isa = PBXNativeTarget;
			buildConfigurationList = 371B9BDB21DA982B00621D83 /* Build configuration list for PBXNativeTarget "TopAlbums" */;
			buildPhases = (
				371B9BAD21DA982800621D83 /* Sources */,
				371B9BAE21DA982800621D83 /* Frameworks */,
				371B9BAF21DA982800621D83 /* Resources */,
			);
			buildRules = (
			);
			dependencies = (
			);
			name = TopAlbums;
			productName = TopAlbums;
			productReference = 371B9BB121DA982800621D83 /* TopAlbums.app */;
			productType = "com.apple.product-type.application";
		};
		371B9BC621DA982B00621D83 /* TopAlbumsTests */ = {
			isa = PBXNativeTarget;
			buildConfigurationList = 371B9BDE21DA982B00621D83 /* Build configuration list for PBXNativeTarget "TopAlbumsTests" */;
			buildPhases = (
				371B9BC321DA982B00621D83 /* Sources */,
				371B9BC421DA982B00621D83 /* Frameworks */,
				371B9BC521DA982B00621D83 /* Resources */,
			);
			buildRules = (
			);
			dependencies = (
				371B9BC921DA982B00621D83 /* PBXTargetDependency */,
			);
			name = TopAlbumsTests;
			productName = TopAlbumsTests;
			productReference = 371B9BC721DA982B00621D83 /* TopAlbumsTests.xctest */;
			productType = "com.apple.product-type.bundle.unit-test";
		};
		371B9BD121DA982B00621D83 /* TopAlbumsUITests */ = {
			isa = PBXNativeTarget;
			buildConfigurationList = 371B9BE121DA982B00621D83 /* Build configuration list for PBXNativeTarget "TopAlbumsUITests" */;
			buildPhases = (
				371B9BCE21DA982B00621D83 /* Sources */,
				371B9BCF21DA982B00621D83 /* Frameworks */,
				371B9BD021DA982B00621D83 /* Resources */,
			);
			buildRules = (
			);
			dependencies = (
				371B9BD421DA982B00621D83 /* PBXTargetDependency */,
			);
			name = TopAlbumsUITests;
			productName = TopAlbumsUITests;
			productReference = 371B9BD221DA982B00621D83 /* TopAlbumsUITests.xctest */;
			productType = "com.apple.product-type.bundle.ui-testing";
		};
/* End PBXNativeTarget section */

/* Begin PBXProject section */
		371B9BA921DA982800621D83 /* Project object */ = {
			isa = PBXProject;
			attributes = {
				LastSwiftUpdateCheck = 1010;
				LastUpgradeCheck = 1010;
				ORGANIZATIONNAME = "Jonny Klemmer";
				TargetAttributes = {
					371B9BB021DA982800621D83 = {
						CreatedOnToolsVersion = 10.1;
					};
					371B9BC621DA982B00621D83 = {
						CreatedOnToolsVersion = 10.1;
						TestTargetID = 371B9BB021DA982800621D83;
					};
					371B9BD121DA982B00621D83 = {
						CreatedOnToolsVersion = 10.1;
						TestTargetID = 371B9BB021DA982800621D83;
					};
				};
			};
			buildConfigurationList = 371B9BAC21DA982800621D83 /* Build configuration list for PBXProject "TopAlbums" */;
			compatibilityVersion = "Xcode 9.3";
			developmentRegion = en;
			hasScannedForEncodings = 0;
			knownRegions = (
				en,
				Base,
			);
			mainGroup = 371B9BA821DA982800621D83;
			productRefGroup = 371B9BB221DA982800621D83 /* Products */;
			projectDirPath = "";
			projectRoot = "";
			targets = (
				371B9BB021DA982800621D83 /* TopAlbums */,
				371B9BC621DA982B00621D83 /* TopAlbumsTests */,
				371B9BD121DA982B00621D83 /* TopAlbumsUITests */,
			);
		};
/* End PBXProject section */

/* Begin PBXResourcesBuildPhase section */
		371B9BAF21DA982800621D83 /* Resources */ = {
			isa = PBXResourcesBuildPhase;
			buildActionMask = 2147483647;
			files = (
				371B9BC121DA982B00621D83 /* LaunchScreen.storyboard in Resources */,
				371B9BBE21DA982B00621D83 /* Assets.xcassets in Resources */,
			);
			runOnlyForDeploymentPostprocessing = 0;
		};
		371B9BC521DA982B00621D83 /* Resources */ = {
			isa = PBXResourcesBuildPhase;
			buildActionMask = 2147483647;
			files = (
			);
			runOnlyForDeploymentPostprocessing = 0;
		};
		371B9BD021DA982B00621D83 /* Resources */ = {
			isa = PBXResourcesBuildPhase;
			buildActionMask = 2147483647;
			files = (
			);
			runOnlyForDeploymentPostprocessing = 0;
		};
/* End PBXResourcesBuildPhase section */

/* Begin PBXSourcesBuildPhase section */
		371B9BAD21DA982800621D83 /* Sources */ = {
			isa = PBXSourcesBuildPhase;
			buildActionMask = 2147483647;
			files = (
				371B9BB921DA982800621D83 /* DetailViewController.swift in Sources */,
				371B9BB521DA982800621D83 /* AppDelegate.swift in Sources */,
				371DB11821DC0B9200CD756A /* AlbumListViewModel.swift in Sources */,
				371DB11A21DC116D00CD756A /* AlbumViewModel.swift in Sources */,
				371DB11721DC0B8900CD756A /* MasterViewController.swift in Sources */,
				371B9BE621DA9E2200621D83 /* Album.swift in Sources */,
				371B9BEB21DBF28500621D83 /* AlbumService.swift in Sources */,
			);
			runOnlyForDeploymentPostprocessing = 0;
		};
		371B9BC321DA982B00621D83 /* Sources */ = {
			isa = PBXSourcesBuildPhase;
			buildActionMask = 2147483647;
			files = (
				371B9BCC21DA982B00621D83 /* TopAlbumsTests.swift in Sources */,
			);
			runOnlyForDeploymentPostprocessing = 0;
		};
		371B9BCE21DA982B00621D83 /* Sources */ = {
			isa = PBXSourcesBuildPhase;
			buildActionMask = 2147483647;
			files = (
				371B9BD721DA982B00621D83 /* TopAlbumsUITests.swift in Sources */,
			);
			runOnlyForDeploymentPostprocessing = 0;
		};
/* End PBXSourcesBuildPhase section */

/* Begin PBXTargetDependency section */
		371B9BC921DA982B00621D83 /* PBXTargetDependency */ = {
			isa = PBXTargetDependency;
			target = 371B9BB021DA982800621D83 /* TopAlbums */;
			targetProxy = 371B9BC821DA982B00621D83 /* PBXContainerItemProxy */;
		};
		371B9BD421DA982B00621D83 /* PBXTargetDependency */ = {
			isa = PBXTargetDependency;
			target = 371B9BB021DA982800621D83 /* TopAlbums */;
			targetProxy = 371B9BD321DA982B00621D83 /* PBXContainerItemProxy */;
		};
/* End PBXTargetDependency section */

/* Begin PBXVariantGroup section */
		371B9BBF21DA982B00621D83 /* LaunchScreen.storyboard */ = {
			isa = PBXVariantGroup;
			children = (
				371B9BC021DA982B00621D83 /* Base */,
			);
			name = LaunchScreen.storyboard;
			sourceTree = "<group>";
		};
/* End PBXVariantGroup section */

/* Begin XCBuildConfiguration section */
		371B9BD921DA982B00621D83 /* Debug */ = {
			isa = XCBuildConfiguration;
			buildSettings = {
				ALWAYS_SEARCH_USER_PATHS = NO;
				CLANG_ANALYZER_NONNULL = YES;
				CLANG_ANALYZER_NUMBER_OBJECT_CONVERSION = YES_AGGRESSIVE;
				CLANG_CXX_LANGUAGE_STANDARD = "gnu++14";
				CLANG_CXX_LIBRARY = "libc++";
				CLANG_ENABLE_MODULES = YES;
				CLANG_ENABLE_OBJC_ARC = YES;
				CLANG_ENABLE_OBJC_WEAK = YES;
				CLANG_WARN_BLOCK_CAPTURE_AUTORELEASING = YES;
				CLANG_WARN_BOOL_CONVERSION = YES;
				CLANG_WARN_COMMA = YES;
				CLANG_WARN_CONSTANT_CONVERSION = YES;
				CLANG_WARN_DEPRECATED_OBJC_IMPLEMENTATIONS = YES;
				CLANG_WARN_DIRECT_OBJC_ISA_USAGE = YES_ERROR;
				CLANG_WARN_DOCUMENTATION_COMMENTS = YES;
				CLANG_WARN_EMPTY_BODY = YES;
				CLANG_WARN_ENUM_CONVERSION = YES;
				CLANG_WARN_INFINITE_RECURSION = YES;
				CLANG_WARN_INT_CONVERSION = YES;
				CLANG_WARN_NON_LITERAL_NULL_CONVERSION = YES;
				CLANG_WARN_OBJC_IMPLICIT_RETAIN_SELF = YES;
				CLANG_WARN_OBJC_LITERAL_CONVERSION = YES;
				CLANG_WARN_OBJC_ROOT_CLASS = YES_ERROR;
				CLANG_WARN_RANGE_LOOP_ANALYSIS = YES;
				CLANG_WARN_STRICT_PROTOTYPES = YES;
				CLANG_WARN_SUSPICIOUS_MOVE = YES;
				CLANG_WARN_UNGUARDED_AVAILABILITY = YES_AGGRESSIVE;
				CLANG_WARN_UNREACHABLE_CODE = YES;
				CLANG_WARN__DUPLICATE_METHOD_MATCH = YES;
				CODE_SIGN_IDENTITY = "iPhone Developer";
				COPY_PHASE_STRIP = NO;
				DEBUG_INFORMATION_FORMAT = dwarf;
				ENABLE_STRICT_OBJC_MSGSEND = YES;
				ENABLE_TESTABILITY = YES;
				GCC_C_LANGUAGE_STANDARD = gnu11;
				GCC_DYNAMIC_NO_PIC = NO;
				GCC_NO_COMMON_BLOCKS = YES;
				GCC_OPTIMIZATION_LEVEL = 0;
				GCC_PREPROCESSOR_DEFINITIONS = (
					"DEBUG=1",
					"$(inherited)",
				);
				GCC_WARN_64_TO_32_BIT_CONVERSION = YES;
				GCC_WARN_ABOUT_RETURN_TYPE = YES_ERROR;
				GCC_WARN_UNDECLARED_SELECTOR = YES;
				GCC_WARN_UNINITIALIZED_AUTOS = YES_AGGRESSIVE;
				GCC_WARN_UNUSED_FUNCTION = YES;
				GCC_WARN_UNUSED_VARIABLE = YES;
				IPHONEOS_DEPLOYMENT_TARGET = 15.0;
				MTL_ENABLE_DEBUG_INFO = INCLUDE_SOURCE;
				MTL_FAST_MATH = YES;
				ONLY_ACTIVE_ARCH = YES;
				SDKROOT = iphoneos;
				SWIFT_ACTIVE_COMPILATION_CONDITIONS = DEBUG;
				SWIFT_OPTIMIZATION_LEVEL = "-Onone";
			};
			name = Debug;
		};
		371B9BDA21DA982B00621D83 /* Release */ = {
			isa = XCBuildConfiguration;
			buildSettings = {
				ALWAYS_SEARCH_USER_PATHS = NO;
				CLANG_ANALYZER_NONNULL = YES;
				CLANG_ANALYZER_NUMBER_OBJECT_CONVERSION = YES_AGGRESSIVE;
				CLANG_CXX_LANGUAGE_STANDARD = "gnu++14";
				CLANG_CXX_LIBRARY = "libc++";
				CLANG_ENABLE_MODULES = YES;
				CLANG_ENABLE_OBJC_ARC = YES;
				CLANG_ENABLE_OBJC_WEAK = YES;
				CLANG_WARN_BLOCK_CAPTURE_AUTORELEASING = YES;
				CLANG_WARN_BOOL_CONVERSION = YES;
				CLANG_WARN_COMMA = YES;
				CLANG_WARN_CONSTANT_CONVERSION = YES;
				CLANG_WARN_DEPRECATED_OBJC_IMPLEMENTATIONS = YES;
				CLANG_WARN_DIRECT_OBJC_ISA_USAGE = YES_ERROR;
				CLANG_WARN_DOCUMENTATION_COMMENTS = YES;
				CLANG_WARN_EMPTY_BODY = YES;
				CLANG_WARN_ENUM_CONVERSION = YES;
				CLANG_WARN_INFINITE_RECURSION = YES;
				CLANG_WARN_INT_CONVERSION = YES;
				CLANG_WARN_NON_LITERAL_NULL_CONVERSION = YES;
				CLANG_WARN_OBJC_IMPLICIT_RETAIN_SELF = YES;
				CLANG_WARN_OBJC_LITERAL_CONVERSION = YES;
				CLANG_WARN_OBJC_ROOT_CLASS = YES_ERROR;
				CLANG_WARN_RANGE_LOOP_ANALYSIS = YES;
				CLANG_WARN_STRICT_PROTOTYPES = YES;
				CLANG_WARN_SUSPICIOUS_MOVE = YES;
				CLANG_WARN_UNGUARDED_AVAILABILITY = YES_AGGRESSIVE;
				CLANG_WARN_UNREACHABLE_CODE = YES;
				CLANG_WARN__DUPLICATE_METHOD_MATCH = YES;
				CODE_SIGN_IDENTITY = "iPhone Developer";
				COPY_PHASE_STRIP = NO;
				DEBUG_INFORMATION_FORMAT = "dwarf-with-dsym";
				ENABLE_NS_ASSERTIONS = NO;
				ENABLE_STRICT_OBJC_MSGSEND = YES;
				GCC_C_LANGUAGE_STANDARD = gnu11;
				GCC_NO_COMMON_BLOCKS = YES;
				GCC_WARN_64_TO_32_BIT_CONVERSION = YES;
				GCC_WARN_ABOUT_RETURN_TYPE = YES_ERROR;
				GCC_WARN_UNDECLARED_SELECTOR = YES;
				GCC_WARN_UNINITIALIZED_AUTOS = YES_AGGRESSIVE;
				GCC_WARN_UNUSED_FUNCTION = YES;
				GCC_WARN_UNUSED_VARIABLE = YES;
				IPHONEOS_DEPLOYMENT_TARGET = 15.0;
				MTL_ENABLE_DEBUG_INFO = NO;
				MTL_FAST_MATH = YES;
				SDKROOT = iphoneos;
				SWIFT_COMPILATION_MODE = wholemodule;
				SWIFT_OPTIMIZATION_LEVEL = "-O";
				VALIDATE_PRODUCT = YES;
			};
			name = Release;
		};
		371B9BDC21DA982B00621D83 /* Debug */ = {
			isa = XCBuildConfiguration;
			buildSettings = {
				ASSETCATALOG_COMPILER_APPICON_NAME = AppIcon;
				CODE_SIGN_STYLE = Automatic;
				DEVELOPMENT_TEAM = Y9VA9N3V4A;
				INFOPLIST_FILE = TopAlbums/Info.plist;
				LD_RUNPATH_SEARCH_PATHS = (
					"$(inherited)",
					"@executable_path/Frameworks",
				);
				PRODUCT_BUNDLE_IDENTIFIER = com.jonnyklemmer.TopAlbums;
				PRODUCT_NAME = "$(TARGET_NAME)";
				SWIFT_VERSION = 4.2;
				TARGETED_DEVICE_FAMILY = 1;
			};
			name = Debug;
		};
		371B9BDD21DA982B00621D83 /* Release */ = {
			isa = XCBuildConfiguration;
			buildSettings = {
				ASSETCATALOG_COMPILER_APPICON_NAME = AppIcon;
				CODE_SIGN_STYLE = Automatic;
				DEVELOPMENT_TEAM = Y9VA9N3V4A;
				INFOPLIST_FILE = TopAlbums/Info.plist;
				LD_RUNPATH_SEARCH_PATHS = (
					"$(inherited)",
					"@executable_path/Frameworks",
				);
				PRODUCT_BUNDLE_IDENTIFIER = com.jonnyklemmer.TopAlbums;
				PRODUCT_NAME = "$(TARGET_NAME)";
				SWIFT_VERSION = 4.2;
				TARGETED_DEVICE_FAMILY = 1;
			};
			name = Release;
		};
		371B9BDF21DA982B00621D83 /* Debug */ = {
			isa = XCBuildConfiguration;
			buildSettings = {
				ALWAYS_EMBED_SWIFT_STANDARD_LIBRARIES = YES;
				BUNDLE_LOADER = "$(TEST_HOST)";
				CODE_SIGN_STYLE = Automatic;
				DEVELOPMENT_TEAM = Y9VA9N3V4A;
				INFOPLIST_FILE = TopAlbumsTests/Info.plist;
				LD_RUNPATH_SEARCH_PATHS = (
					"$(inherited)",
					"@executable_path/Frameworks",
					"@loader_path/Frameworks",
				);
				PRODUCT_BUNDLE_IDENTIFIER = com.jonnyklemmer.TopAlbumsTests;
				PRODUCT_NAME = "$(TARGET_NAME)";
				SWIFT_VERSION = 4.2;
				TARGETED_DEVICE_FAMILY = "1,2";
				TEST_HOST = "$(BUILT_PRODUCTS_DIR)/TopAlbums.app/TopAlbums";
			};
			name = Debug;
		};
		371B9BE021DA982B00621D83 /* Release */ = {
			isa = XCBuildConfiguration;
			buildSettings = {
				ALWAYS_EMBED_SWIFT_STANDARD_LIBRARIES = YES;
				BUNDLE_LOADER = "$(TEST_HOST)";
				CODE_SIGN_STYLE = Automatic;
				DEVELOPMENT_TEAM = Y9VA9N3V4A;
				INFOPLIST_FILE = TopAlbumsTests/Info.plist;
				LD_RUNPATH_SEARCH_PATHS = (
					"$(inherited)",
					"@executable_path/Frameworks",
					"@loader_path/Frameworks",
				);
				PRODUCT_BUNDLE_IDENTIFIER = com.jonnyklemmer.TopAlbumsTests;
				PRODUCT_NAME = "$(TARGET_NAME)";
				SWIFT_VERSION = 4.2;
				TARGETED_DEVICE_FAMILY = "1,2";
				TEST_HOST = "$(BUILT_PRODUCTS_DIR)/TopAlbums.app/TopAlbums";
			};
			name = Release;
		};
		371B9BE221DA982B00621D83 /* Debug */ = {
			isa = XCBuildConfiguration;
			buildSettings = {
				ALWAYS_EMBED_SWIFT_STANDARD_LIBRARIES = YES;
				CODE_SIGN_STYLE = Automatic;
				DEVELOPMENT_TEAM = Y9VA9N3V4A;
				INFOPLIST_FILE = TopAlbumsUITests/Info.plist;
				LD_RUNPATH_SEARCH_PATHS = (
					"$(inherited)",
					"@executable_path/Frameworks",
					"@loader_path/Frameworks",
				);
				PRODUCT_BUNDLE_IDENTIFIER = com.jonnyklemmer.TopAlbumsUITests;
				PRODUCT_NAME = "$(TARGET_NAME)";
				SWIFT_VERSION = 4.2;
				TARGETED_DEVICE_FAMILY = "1,2";
				TEST_TARGET_NAME = TopAlbums;
			};
			name = Debug;
		};
		371B9BE321DA982B00621D83 /* Release */ = {
			isa = XCBuildConfiguration;
			buildSettings = {
				ALWAYS_EMBED_SWIFT_STANDARD_LIBRARIES = YES;
				CODE_SIGN_STYLE = Automatic;
				DEVELOPMENT_TEAM = Y9VA9N3V4A;
				INFOPLIST_FILE = TopAlbumsUITests/Info.plist;
				LD_RUNPATH_SEARCH_PATHS = (
					"$(inherited)",
					"@executable_path/Frameworks",
					"@loader_path/Frameworks",
				);
				PRODUCT_BUNDLE_IDENTIFIER = com.jonnyklemmer.TopAlbumsUITests;
				PRODUCT_NAME = "$(TARGET_NAME)";
				SWIFT_VERSION = 4.2;
				TARGETED_DEVICE_FAMILY = "1,2";
				TEST_TARGET_NAME = TopAlbums;
			};
			name = Release;
		};
/* End XCBuildConfiguration section */

/* Begin XCConfigurationList section */
		371B9BAC21DA982800621D83 /* Build configuration list for PBXProject "TopAlbums" */ = {
			isa = XCConfigurationList;
			buildConfigurations = (
				371B9BD921DA982B00621D83 /* Debug */,
				371B9BDA21DA982B00621D83 /* Release */,
			);
			defaultConfigurationIsVisible = 0;
			defaultConfigurationName = Release;
		};
		371B9BDB21DA982B00621D83 /* Build configuration list for PBXNativeTarget "TopAlbums" */ = {
			isa = XCConfigurationList;
			buildConfigurations = (
				371B9BDC21DA982B00621D83 /* Debug */,
				371B9BDD21DA982B00621D83 /* Release */,
			);
			defaultConfigurationIsVisible = 0;
			defaultConfigurationName = Release;
		};
		371B9BDE21DA982B00621D83 /* Build configuration list for PBXNativeTarget "TopAlbumsTests" */ = {
			isa = XCConfigurationList;
			buildConfigurations = (
				371B9BDF21DA982B00621D83 /* Debug */,
				371B9BE021DA982B00621D83 /* Release */,
			);
			defaultConfigurationIsVisible = 0;
			defaultConfigurationName = Release;
		};
		371B9BE121DA982B00621D83 /* Build configuration list for PBXNativeTarget "TopAlbumsUITests" */ = {
			isa = XCConfigurationList;
			buildConfigurations = (
				371B9BE221DA982B00621D83 /* Debug */,
				371B9BE321DA982B00621D83 /* Release */,
			);
			defaultConfigurationIsVisible = 0;
			defaultConfigurationName = Release;
		};
/* End XCConfigurationList section */
	};
	rootObject = 371B9BA921DA982800621D83 /* Project object */;
}
